{
  "version": 4,
  "terraform_version": "1.9.5",
  "serial": 1,
  "lineage": "6029d67b-b882-98f5-096f-78f1894c5eb1",
  "outputs": {},
  "resources": [
    {
      "mode": "managed",
      "type": "aws_vpc",
      "name": "custnw",
      "provider": "provider[\"registry.terraform.io/hashicorp/aws\"]",
      "instances": [
        {
          "schema_version": 1,
          "attributes": {
            "arn": "arn:aws:ec2:us-east-1:381491955632:vpc/vpc-0d82d3121df8cf4b1",
            "assign_generated_ipv6_cidr_block": false,
            "cidr_block": "10.0.0.0/16",
            "default_network_acl_id": "acl-03fa674df6edd348c",
            "default_route_table_id": "rtb-016f016773f378f2a",
            "default_security_group_id": "sg-0b8e7d7306bc1fdfd",
            "dhcp_options_id": "dopt-0352fe20b2a452f18",
            "enable_dns_hostnames": false,
            "enable_dns_support": true,
            "enable_network_address_usage_metrics": false,
            "id": "vpc-0d82d3121df8cf4b1",
            "instance_tenancy": "default",
            "ipv4_ipam_pool_id": null,
            "ipv4_netmask_length": null,
            "ipv6_association_id": "",
            "ipv6_cidr_block": "",
            "ipv6_cidr_block_network_border_group": "",
            "ipv6_ipam_pool_id": "",
            "ipv6_netmask_length": 0,
            "main_route_table_id": "rtb-016f016773f378f2a",
            "owner_id": "381491955632",
            "tags": {
              "Name": "ankit_vpc"
            },
            "tags_all": {
              "Name": "ankit_vpc"
            }
          },
          "sensitive_attributes": [],
          "private": "eyJzY2hlbWFfdmVyc2lvbiI6IjEifQ=="
        }
      ]
    }
  ],
  "check_results": null
}
